
Microsoft Visual Studio Solution File, Format Version 12.00
Project("{FAE04EC0-301F-11D3-BF4B-00C04F79EFBC}") = "LiveCodingTraining.UnitTests", "tests\LiveCodingTraining.UnitTests\LiveCodingTraining.UnitTests.csproj", "{FE6802E7-DFCA-45FE-BEC9-5B0EF7BD48FA}"
EndProject
Project("{FAE04EC0-301F-11D3-BF4B-00C04F79EFBC}") = "LiveCodingTraining", "src\LiveCodingTraining\LiveCodingTraining.csproj", "{9C0F969B-C309-442A-84D9-E93870FA2B57}"
EndProject
Project("{2150E333-8FDC-42A3-9474-1A3956D46DE8}") = "Tests", "Tests", "{B4009EEE-5E6B-4FCC-80BA-6DE8CF7ABF9B}"
EndProject
Project("{2150E333-8FDC-42A3-9474-1A3956D46DE8}") = "Solution Items", "Solution Items", "{7883A12B-79E4-401D-BC14-26FB7B9DC964}"
	ProjectSection(SolutionItems) = preProject
		README.md = README.md
	EndProjectSection
EndProject
Global
	GlobalSection(SolutionConfigurationPlatforms) = preSolution
		Debug|Any CPU = Debug|Any CPU
		Release|Any CPU = Release|Any CPU
	EndGlobalSection
	GlobalSection(ProjectConfigurationPlatforms) = postSolution
		{FE6802E7-DFCA-45FE-BEC9-5B0EF7BD48FA}.Debug|Any CPU.ActiveCfg = Debug|Any CPU
		{FE6802E7-DFCA-45FE-BEC9-5B0EF7BD48FA}.Debug|Any CPU.Build.0 = Debug|Any CPU
		{FE6802E7-DFCA-45FE-BEC9-5B0EF7BD48FA}.Release|Any CPU.ActiveCfg = Release|Any CPU
		{FE6802E7-DFCA-45FE-BEC9-5B0EF7BD48FA}.Release|Any CPU.Build.0 = Release|Any CPU
		{9C0F969B-C309-442A-84D9-E93870FA2B57}.Debug|Any CPU.ActiveCfg = Debug|Any CPU
		{9C0F969B-C309-442A-84D9-E93870FA2B57}.Debug|Any CPU.Build.0 = Debug|Any CPU
		{9C0F969B-C309-442A-84D9-E93870FA2B57}.Release|Any CPU.ActiveCfg = Release|Any CPU
		{9C0F969B-C309-442A-84D9-E93870FA2B57}.Release|Any CPU.Build.0 = Release|Any CPU
	EndGlobalSection
	GlobalSection(NestedProjects) = preSolution
		{FE6802E7-DFCA-45FE-BEC9-5B0EF7BD48FA} = {B4009EEE-5E6B-4FCC-80BA-6DE8CF7ABF9B}
	EndGlobalSection
EndGlobal
